// !$*UTF8*$!
{
	archiveVersion = 1;
	classes = {
	};
	objectVersion = 46;
	objects = {

/* Begin PBXBuildFile section */
		07F72F2F1CE2068E003EFF91 /* AppDelegate.swift in Sources */ = {isa = PBXBuildFile; fileRef = 07F72F2E1CE2068E003EFF91 /* AppDelegate.swift */; };
		07F72F311CE2068E003EFF91 /* ViewController.swift in Sources */ = {isa = PBXBuildFile; fileRef = 07F72F301CE2068E003EFF91 /* ViewController.swift */; };
		07F72F341CE2068E003EFF91 /* Main.storyboard in Resources */ = {isa = PBXBuildFile; fileRef = 07F72F321CE2068E003EFF91 /* Main.storyboard */; };
		07F72F371CE2068F003EFF91 /* rky_1.xcdatamodeld in Sources */ = {isa = PBXBuildFile; fileRef = 07F72F351CE2068F003EFF91 /* rky_1.xcdatamodeld */; };
		07F72F391CE2068F003EFF91 /* Assets.xcassets in Resources */ = {isa = PBXBuildFile; fileRef = 07F72F381CE2068F003EFF91 /* Assets.xcassets */; };
		07F72F3C1CE2068F003EFF91 /* LaunchScreen.storyboard in Resources */ = {isa = PBXBuildFile; fileRef = 07F72F3A1CE2068F003EFF91 /* LaunchScreen.storyboard */; };
		07F72F441CE206FD003EFF91 /* Podfile in Resources */ = {isa = PBXBuildFile; fileRef = 07F72F431CE206FD003EFF91 /* Podfile */; };
		73EF7EF6DD0CABB434922999 /* Pods.framework in Frameworks */ = {isa = PBXBuildFile; fileRef = EE5DCF7834BDD011046B0BCE /* Pods.framework */; };
/* End PBXBuildFile section */

/* Begin PBXFileReference section */
		07F72F2B1CE2068E003EFF91 /* rky-1.app */ = {isa = PBXFileReference; explicitFileType = wrapper.application; includeInIndex = 0; path = "rky-1.app"; sourceTree = BUILT_PRODUCTS_DIR; };
		07F72F2E1CE2068E003EFF91 /* AppDelegate.swift */ = {isa = PBXFileReference; lastKnownFileType = sourcecode.swift; path = AppDelegate.swift; sourceTree = "<group>"; };
		07F72F301CE2068E003EFF91 /* ViewController.swift */ = {isa = PBXFileReference; lastKnownFileType = sourcecode.swift; path = ViewController.swift; sourceTree = "<group>"; };
		07F72F331CE2068E003EFF91 /* Base */ = {isa = PBXFileReference; lastKnownFileType = file.storyboard; name = Base; path = Base.lproj/Main.storyboard; sourceTree = "<group>"; };
		07F72F361CE2068F003EFF91 /* rky_1.xcdatamodel */ = {isa = PBXFileReference; lastKnownFileType = wrapper.xcdatamodel; path = rky_1.xcdatamodel; sourceTree = "<group>"; };
		07F72F381CE2068F003EFF91 /* Assets.xcassets */ = {isa = PBXFileReference; lastKnownFileType = folder.assetcatalog; path = Assets.xcassets; sourceTree = "<group>"; };
		07F72F3B1CE2068F003EFF91 /* Base */ = {isa = PBXFileReference; lastKnownFileType = file.storyboard; name = Base; path = Base.lproj/LaunchScreen.storyboard; sourceTree = "<group>"; };
		07F72F3D1CE2068F003EFF91 /* Info.plist */ = {isa = PBXFileReference; lastKnownFileType = text.plist.xml; path = Info.plist; sourceTree = "<group>"; };
		07F72F431CE206FD003EFF91 /* Podfile */ = {isa = PBXFileReference; fileEncoding = 4; lastKnownFileType = text; path = Podfile; sourceTree = "<group>"; xcLanguageSpecificationIdentifier = xcode.lang.ruby; };
		C82EF64FFA9A51A96C22329E /* Pods.debug.xcconfig */ = {isa = PBXFileReference; includeInIndex = 1; lastKnownFileType = text.xcconfig; name = Pods.debug.xcconfig; path = "Pods/Target Support Files/Pods/Pods.debug.xcconfig"; sourceTree = "<group>"; };
		EE5DCF7834BDD011046B0BCE /* Pods.framework */ = {isa = PBXFileReference; explicitFileType = wrapper.framework; includeInIndex = 0; path = Pods.framework; sourceTree = BUILT_PRODUCTS_DIR; };
		EFD7DCBDBC1FF25299450FC7 /* Pods.release.xcconfig */ = {isa = PBXFileReference; includeInIndex = 1; lastKnownFileType = text.xcconfig; name = Pods.release.xcconfig; path = "Pods/Target Support Files/Pods/Pods.release.xcconfig"; sourceTree = "<group>"; };
/* End PBXFileReference section */

/* Begin PBXFrameworksBuildPhase section */
		07F72F281CE2068E003EFF91 /* Frameworks */ = {
			isa = PBXFrameworksBuildPhase;
			buildActionMask = 2147483647;
			files = (
				73EF7EF6DD0CABB434922999 /* Pods.framework in Frameworks */,
			);
			runOnlyForDeploymentPostprocessing = 0;
		};
/* End PBXFrameworksBuildPhase section */

/* Begin PBXGroup section */
		07F72F221CE2068E003EFF91 = {
			isa = PBXGroup;
			children = (
				07F72F431CE206FD003EFF91 /* Podfile */,
				07F72F2D1CE2068E003EFF91 /* rky-1 */,
				07F72F2C1CE2068E003EFF91 /* Products */,
				0A1ADCFF1B40932852D67971 /* Pods */,
				B1F46D70022E7E9C1FC3AF06 /* Frameworks */,
			);
			sourceTree = "<group>";
		};
		07F72F2C1CE2068E003EFF91 /* Products */ = {
			isa = PBXGroup;
			children = (
				07F72F2B1CE2068E003EFF91 /* rky-1.app */,
			);
			name = Products;
			sourceTree = "<group>";
		};
		07F72F2D1CE2068E003EFF91 /* rky-1 */ = {
			isa = PBXGroup;
			children = (
				07F72F2E1CE2068E003EFF91 /* AppDelegate.swift */,
				07F72F301CE2068E003EFF91 /* ViewController.swift */,
				07F72F321CE2068E003EFF91 /* Main.storyboard */,
				07F72F381CE2068F003EFF91 /* Assets.xcassets */,
				07F72F3A1CE2068F003EFF91 /* LaunchScreen.storyboard */,
				07F72F3D1CE2068F003EFF91 /* Info.plist */,
				07F72F351CE2068F003EFF91 /* rky_1.xcdatamodeld */,
			);
			path = "rky-1";
			sourceTree = "<group>";
		};
		0A1ADCFF1B40932852D67971 /* Pods */ = {
			isa = PBXGroup;
			children = (
				C82EF64FFA9A51A96C22329E /* Pods.debug.xcconfig */,
				EFD7DCBDBC1FF25299450FC7 /* Pods.release.xcconfig */,
			);
			name = Pods;
			sourceTree = "<group>";
		};
		B1F46D70022E7E9C1FC3AF06 /* Frameworks */ = {
			isa = PBXGroup;
			children = (
				EE5DCF7834BDD011046B0BCE /* Pods.framework */,
			);
			name = Frameworks;
			sourceTree = "<group>";
		};
/* End PBXGroup section */

/* Begin PBXNativeTarget section */
		07F72F2A1CE2068E003EFF91 /* rky-1 */ = {
			isa = PBXNativeTarget;
			buildConfigurationList = 07F72F401CE2068F003EFF91 /* Build configuration list for PBXNativeTarget "rky-1" */;
			buildPhases = (
				9F031473FC2E9CD6617B177B /* Check Pods Manifest.lock */,
				07F72F271CE2068E003EFF91 /* Sources */,
				07F72F281CE2068E003EFF91 /* Frameworks */,
				07F72F291CE2068E003EFF91 /* Resources */,
				23A21D23A9A9AB712BCDE738 /* Embed Pods Frameworks */,
				A47E5D4AB903CCBAD06BC3DB /* Copy Pods Resources */,
			);
			buildRules = (
			);
			dependencies = (
			);
			name = "rky-1";
			productName = "rky-1";
			productReference = 07F72F2B1CE2068E003EFF91 /* rky-1.app */;
			productType = "com.apple.product-type.application";
		};
/* End PBXNativeTarget section */

/* Begin PBXProject section */
		07F72F231CE2068E003EFF91 /* Project object */ = {
			isa = PBXProject;
			attributes = {
				LastSwiftUpdateCheck = 0730;
				LastUpgradeCheck = 0730;
				ORGANIZATIONNAME = eCoucou;
				TargetAttributes = {
					07F72F2A1CE2068E003EFF91 = {
						CreatedOnToolsVersion = 7.3;
					};
				};
			};
			buildConfigurationList = 07F72F261CE2068E003EFF91 /* Build configuration list for PBXProject "rky-1" */;
			compatibilityVersion = "Xcode 3.2";
			developmentRegion = English;
			hasScannedForEncodings = 0;
			knownRegions = (
				en,
				Base,
			);
			mainGroup = 07F72F221CE2068E003EFF91;
			productRefGroup = 07F72F2C1CE2068E003EFF91 /* Products */;
			projectDirPath = "";
			projectRoot = "";
			targets = (
				07F72F2A1CE2068E003EFF91 /* rky-1 */,
			);
		};
/* End PBXProject section */

/* Begin PBXResourcesBuildPhase section */
		07F72F291CE2068E003EFF91 /* Resources */ = {
			isa = PBXResourcesBuildPhase;
			buildActionMask = 2147483647;
			files = (
				07F72F3C1CE2068F003EFF91 /* LaunchScreen.storyboard in Resources */,
				07F72F391CE2068F003EFF91 /* Assets.xcassets in Resources */,
				07F72F441CE206FD003EFF91 /* Podfile in Resources */,
				07F72F341CE2068E003EFF91 /* Main.storyboard in Resources */,
			);
			runOnlyForDeploymentPostprocessing = 0;
		};
/* End PBXResourcesBuildPhase section */

/* Begin PBXShellScriptBuildPhase section */
		23A21D23A9A9AB712BCDE738 /* Embed Pods Frameworks */ = {
			isa = PBXShellScriptBuildPhase;
			buildActionMask = 2147483647;
			files = (
			);
			inputPaths = (
			);
			name = "Embed Pods Frameworks";
			outputPaths = (
			);
			runOnlyForDeploymentPostprocessing = 0;
			shellPath = /bin/sh;
			shellScript = "\"${SRCROOT}/Pods/Target Support Files/Pods/Pods-frameworks.sh\"\n";
			showEnvVarsInLog = 0;
		};
		9F031473FC2E9CD6617B177B /* Check Pods Manifest.lock */ = {
			isa = PBXShellScriptBuildPhase;
			buildActionMask = 2147483647;
			files = (
			);
			inputPaths = (
			);
			name = "Check Pods Manifest.lock";
			outputPaths = (
			);
			runOnlyForDeploymentPostprocessing = 0;
			shellPath = /bin/sh;
			shellScript = "diff \"${PODS_ROOT}/../Podfile.lock\" \"${PODS_ROOT}/Manifest.lock\" > /dev/null\nif [[ $? != 0 ]] ; then\n    cat << EOM\nerror: The sandbox is not in sync with the Podfile.lock. Run 'pod install' or update your CocoaPods installation.\nEOM\n    exit 1\nfi\n";
			showEnvVarsInLog = 0;
		};
		A47E5D4AB903CCBAD06BC3DB /* Copy Pods Resources */ = {
			isa = PBXShellScriptBuildPhase;
			buildActionMask = 2147483647;
			files = (
			);
			inputPaths = (
			);
			name = "Copy Pods Resources";
			outputPaths = (
			);
			runOnlyForDeploymentPostprocessing = 0;
			shellPath = /bin/sh;
			shellScript = "\"${SRCROOT}/Pods/Target Support Files/Pods/Pods-resources.sh\"\n";
			showEnvVarsInLog = 0;
		};
/* End PBXShellScriptBuildPhase section */

/* Begin PBXSourcesBuildPhase section */
		07F72F271CE2068E003EFF91 /* Sources */ = {
			isa = PBXSourcesBuildPhase;
			buildActionMask = 2147483647;
			files = (
				07F72F371CE2068F003EFF91 /* rky_1.xcdatamodeld in Sources */,
				07F72F311CE2068E003EFF91 /* ViewController.swift in Sources */,
				07F72F2F1CE2068E003EFF91 /* AppDelegate.swift in Sources */,
			);
			runOnlyForDeploymentPostprocessing = 0;
		};
/* End PBXSourcesBuildPhase section */

/* Begin PBXVariantGroup section */
		07F72F321CE2068E003EFF91 /* Main.storyboard */ = {
			isa = PBXVariantGroup;
			children = (
				07F72F331CE2068E003EFF91 /* Base */,
			);
			name = Main.storyboard;
			sourceTree = "<group>";
		};
		07F72F3A1CE2068F003EFF91 /* LaunchScreen.storyboard */ = {
			isa = PBXVariantGroup;
			children = (
				07F72F3B1CE2068F003EFF91 /* Base */,
			);
			name = LaunchScreen.storyboard;
			sourceTree = "<group>";
		};
/* End PBXVariantGroup section */

/* Begin XCBuildConfiguration section */
		07F72F3E1CE2068F003EFF91 /* Debug */ = {
			isa = XCBuildConfiguration;
			buildSettings = {
				ALWAYS_SEARCH_USER_PATHS = NO;
				CLANG_ANALYZER_NONNULL = YES;
				CLANG_CXX_LANGUAGE_STANDARD = "gnu++0x";
				CLANG_CXX_LIBRARY = "libc++";
				CLANG_ENABLE_MODULES = YES;
				CLANG_ENABLE_OBJC_ARC = YES;
				CLANG_WARN_BOOL_CONVERSION = YES;
				CLANG_WARN_CONSTANT_CONVERSION = YES;
				CLANG_WARN_DIRECT_OBJC_ISA_USAGE = YES_ERROR;
				CLANG_WARN_EMPTY_BODY = YES;
				CLANG_WARN_ENUM_CONVERSION = YES;
				CLANG_WARN_INT_CONVERSION = YES;
				CLANG_WARN_OBJC_ROOT_CLASS = YES_ERROR;
				CLANG_WARN_UNREACHABLE_CODE = YES;
				CLANG_WARN__DUPLICATE_METHOD_MATCH = YES;
				"CODE_SIGN_IDENTITY[sdk=iphoneos*]" = "iPhone Developer";
				COPY_PHASE_STRIP = NO;
				DEBUG_INFORMATION_FORMAT = dwarf;
				ENABLE_STRICT_OBJC_MSGSEND = YES;
				ENABLE_TESTABILITY = YES;
				GCC_C_LANGUAGE_STANDARD = gnu99;
				GCC_DYNAMIC_NO_PIC = NO;
				GCC_NO_COMMON_BLOCKS = YES;
				GCC_OPTIMIZATION_LEVEL = 0;
				GCC_PREPROCESSOR_DEFINITIONS = (
					"DEBUG=1",
					"$(inherited)",
				);
				GCC_WARN_64_TO_32_BIT_CONVERSION = YES;
				GCC_WARN_ABOUT_RETURN_TYPE = YES_ERROR;
				GCC_WARN_UNDECLARED_SELECTOR = YES;
				GCC_WARN_UNINITIALIZED_AUTOS = YES_AGGRESSIVE;
				GCC_WARN_UNUSED_FUNCTION = YES;
				GCC_WARN_UNUSED_VARIABLE = YES;
				IPHONEOS_DEPLOYMENT_TARGET = 9.3;
				MTL_ENABLE_DEBUG_INFO = YES;
				ONLY_ACTIVE_ARCH = YES;
				SDKROOT = iphoneos;
				SWIFT_OPTIMIZATION_LEVEL = "-Onone";
			};
			name = Debug;
		};
		07F72F3F1CE2068F003EFF91 /* Release */ = {
			isa = XCBuildConfiguration;
			buildSettings = {
				ALWAYS_SEARCH_USER_PATHS = NO;
				CLANG_ANALYZER_NONNULL = YES;
				CLANG_CXX_LANGUAGE_STANDARD = "gnu++0x";
				CLANG_CXX_LIBRARY = "libc++";
				CLANG_ENABLE_MODULES = YES;
				CLANG_ENABLE_OBJC_ARC = YES;
				CLANG_WARN_BOOL_CONVERSION = YES;
				CLANG_WARN_CONSTANT_CONVERSION = YES;
				CLANG_WARN_DIRECT_OBJC_ISA_USAGE = YES_ERROR;
				CLANG_WARN_EMPTY_BODY = YES;
				CLANG_WARN_ENUM_CONVERSION = YES;
				CLANG_WARN_INT_CONVERSION = YES;
				CLANG_WARN_OBJC_ROOT_CLASS = YES_ERROR;
				CLANG_WARN_UNREACHABLE_CODE = YES;
				CLANG_WARN__DUPLICATE_METHOD_MATCH = YES;
				"CODE_SIGN_IDENTITY[sdk=iphoneos*]" = "iPhone Developer";
				COPY_PHASE_STRIP = NO;
				DEBUG_INFORMATION_FORMAT = "dwarf-with-dsym";
				ENABLE_NS_ASSERTIONS = NO;
				ENABLE_STRICT_OBJC_MSGSEND = YES;
				GCC_C_LANGUAGE_STANDARD = gnu99;
				GCC_NO_COMMON_BLOCKS = YES;
				GCC_WARN_64_TO_32_BIT_CONVERSION = YES;
				GCC_WARN_ABOUT_RETURN_TYPE = YES_ERROR;
				GCC_WARN_UNDECLARED_SELECTOR = YES;
				GCC_WARN_UNINITIALIZED_AUTOS = YES_AGGRESSIVE;
				GCC_WARN_UNUSED_FUNCTION = YES;
				GCC_WARN_UNUSED_VARIABLE = YES;
				IPHONEOS_DEPLOYMENT_TARGET = 9.3;
				MTL_ENABLE_DEBUG_INFO = NO;
				SDKROOT = iphoneos;
				VALIDATE_PRODUCT = YES;
			};
			name = Release;
		};
		07F72F411CE2068F003EFF91 /* Debug */ = {
			isa = XCBuildConfiguration;
			baseConfigurationReference = C82EF64FFA9A51A96C22329E /* Pods.debug.xcconfig */;
			buildSettings = {
				ASSETCATALOG_COMPILER_APPICON_NAME = AppIcon;
				INFOPLIST_FILE = "rky-1/Info.plist";
				LD_RUNPATH_SEARCH_PATHS = "$(inherited) @executable_path/Frameworks";
				PRODUCT_BUNDLE_IDENTIFIER = "eCoucou.dev.rky-1";
				PRODUCT_NAME = "$(TARGET_NAME)";
			};
			name = Debug;
		};
		07F72F421CE2068F003EFF91 /* Release */ = {
			isa = XCBuildConfiguration;
			baseConfigurationReference = EFD7DCBDBC1FF25299450FC7 /* Pods.release.xcconfig */;
			buildSettings = {
				ASSETCATALOG_COMPILER_APPICON_NAME = AppIcon;
				INFOPLIST_FILE = "rky-1/Info.plist";
				LD_RUNPATH_SEARCH_PATHS = "$(inherited) @executable_path/Frameworks";
				PRODUCT_BUNDLE_IDENTIFIER = "eCoucou.dev.rky-1";
				PRODUCT_NAME = "$(TARGET_NAME)";
			};
			name = Release;
		};
/* End XCBuildConfiguration section */

/* Begin XCConfigurationList section */
		07F72F261CE2068E003EFF91 /* Build configuration list for PBXProject "rky-1" */ = {
			isa = XCConfigurationList;
			buildConfigurations = (
				07F72F3E1CE2068F003EFF91 /* Debug */,
				07F72F3F1CE2068F003EFF91 /* Release */,
			);
			defaultConfigurationIsVisible = 0;
			defaultConfigurationName = Release;
		};
		07F72F401CE2068F003EFF91 /* Build configuration list for PBXNativeTarget "rky-1" */ = {
			isa = XCConfigurationList;
			buildConfigurations = (
				07F72F411CE2068F003EFF91 /* Debug */,
				07F72F421CE2068F003EFF91 /* Release */,
			);
			defaultConfigurationIsVisible = 0;
			defaultConfigurationName = Release;
		};
/* End XCConfigurationList section */

/* Begin XCVersionGroup section */
		07F72F351CE2068F003EFF91 /* rky_1.xcdatamodeld */ = {
			isa = XCVersionGroup;
			children = (
				07F72F361CE2068F003EFF91 /* rky_1.xcdatamodel */,
			);
			currentVersion = 07F72F361CE2068F003EFF91 /* rky_1.xcdatamodel */;
			path = rky_1.xcdatamodeld;
			sourceTree = "<group>";
			versionGroupType = wrapper.xcdatamodel;
		};
/* End XCVersionGroup section */
	};
	rootObject = 07F72F231CE2068E003EFF91 /* Project object */;
}
